{
  "requires": true,
  "lockfileVersion": 1,
  "dependencies": {
    "decode-uri-component": {
      "version": "0.2.0",
      "resolved": "https://registry.npmjs.org/decode-uri-component/-/decode-uri-component-0.2.0.tgz",
      "integrity": "sha1-6zkTMzRYd1y4TNGh+uBiEGu4dUU="
    },
    "dotenv": {
      "version": "0.5.1",
      "resolved": "https://registry.npmjs.org/dotenv/-/dotenv-0.5.1.tgz",
      "integrity": "sha1-h9GB92ECr9GiuFwnfd2Lh5XcVls="
    },
    "extend": {
      "version": "2.0.0",
      "resolved": "https://registry.npmjs.org/extend/-/extend-2.0.0.tgz",
      "integrity": "sha1-zDweI4Uh30wo4/MIaLcyS7WJilw="
    },
    "iconv-lite": {
      "version": "0.2.11",
      "resolved": "https://registry.npmjs.org/iconv-lite/-/iconv-lite-0.2.11.tgz",
      "integrity": "sha1-HOYKOleGSiktEyH/RgnKS7llrcg="
    },
    "node-fetch": {
      "version": "2.6.0",
      "resolved": "https://registry.npmjs.org/node-fetch/-/node-fetch-2.6.0.tgz",
      "integrity": "sha512-8dG4H5ujfvFiqDmVu9fQ5bOHUC15JMjMY/Zumv26oOvvVJjM67KF8koCWIabKQ1GJIa9r2mMZscBq/TbdOcmNA=="
    },
    "opensecrets-client": {
      "version": "1.0.0",
      "resolved": "https://registry.npmjs.org/opensecrets-client/-/opensecrets-client-1.0.0.tgz",
      "integrity": "sha1-QCFHP6mSsvYP3hgbaHhEybTs6cc=",
      "requires": {
        "dotenv": "0.5.1",
        "extend": "2.0.0",
        "qs": "2.3.3",
        "restler": "3.2.2"
      }
    },
    "opensecrets-js": {
      "version": "0.1.2",
      "resolved": "https://registry.npmjs.org/opensecrets-js/-/opensecrets-js-0.1.2.tgz",
      "integrity": "sha1-SqpqobjdxdwvtEsSjhFR+lmccvE=",
      "requires": {
        "xml2js": "^0.4.4"
      }
    },
    "opensecrets-node-wrapper": {
      "version": "git+https://github.com/avcohen/open-secrets-node-wrapper.git#8ec4cd0d73d6db68a93eff6594adc3ed2472663c",
      "from": "git+https://github.com/avcohen/open-secrets-node-wrapper.git",
      "requires": {
        "node-fetch": "^2.6.0",
        "query-string": "^6.8.1",
        "xtend": "^4.0.2"
      }
    },
    "qs": {
      "version": "2.3.3",
      "resolved": "https://registry.npmjs.org/qs/-/qs-2.3.3.tgz",
      "integrity": "sha1-6eha2+ddoLvkyOBHaghikPhjtAQ="
    },
    "query-string": {
      "version": "6.11.1",
      "resolved": "https://registry.npmjs.org/query-string/-/query-string-6.11.1.tgz",
      "integrity": "sha512-1ZvJOUl8ifkkBxu2ByVM/8GijMIPx+cef7u3yroO3Ogm4DOdZcF5dcrWTIlSHe3Pg/mtlt6/eFjObDfJureZZA==",
      "requires": {
        "decode-uri-component": "^0.2.0",
        "split-on-first": "^1.0.0",
        "strict-uri-encode": "^2.0.0"
      }
    },
    "restler": {
      "version": "3.2.2",
      "resolved": "https://registry.npmjs.org/restler/-/restler-3.2.2.tgz",
      "integrity": "sha1-9sUyuTd0YJPjSGOH5X+xBRvbKFc=",
      "requires": {
        "iconv-lite": "0.2.11",
        "qs": "0.6.6",
        "xml2js": "0.4.0",
        "yaml": "0.2.3"
      },
      "dependencies": {
        "qs": {
          "version": "0.6.6",
          "resolved": "https://registry.npmjs.org/qs/-/qs-0.6.6.tgz",
          "integrity": "sha1-bgFQmP9RlouKPIGQAdXyyJvEsQc="
        },
        "sax": {
          "version": "0.5.8",
          "resolved": "https://registry.npmjs.org/sax/-/sax-0.5.8.tgz",
          "integrity": "sha1-1HLbIo6zMcJQaw6MFVJK25OdEsE="
        },
        "xml2js": {
          "version": "0.4.0",
          "resolved": "https://registry.npmjs.org/xml2js/-/xml2js-0.4.0.tgz",
          "integrity": "sha1-Ek/EEUtBKcgQgA7LKshs8lRiy5o=",
          "requires": {
            "sax": "0.5.x",
            "xmlbuilder": ">=0.4.2"
          }
        }
      }
    },
    "sax": {
      "version": "1.2.4",
      "resolved": "https://registry.npmjs.org/sax/-/sax-1.2.4.tgz",
      "integrity": "sha512-NqVDv9TpANUjFm0N8uM5GxL36UgKi9/atZw+x7YFnQ8ckwFGKrl4xX4yWtrey3UJm5nP1kUbnYgLopqWNSRhWw=="
    },
    "split-on-first": {
      "version": "1.1.0",
      "resolved": "https://registry.npmjs.org/split-on-first/-/split-on-first-1.1.0.tgz",
      "integrity": "sha512-43ZssAJaMusuKWL8sKUBQXHWOpq8d6CfN/u1p4gUzfJkM05C8rxTmYrkIPTXapZpORA6LkkzcUulJ8FqA7Uudw=="
    },
    "strict-uri-encode": {
      "version": "2.0.0",
      "resolved": "https://registry.npmjs.org/strict-uri-encode/-/strict-uri-encode-2.0.0.tgz",
      "integrity": "sha1-ucczDHBChi9rFC3CdLvMWGbONUY="
    },
    "xml2js": {
      "version": "0.4.23",
      "resolved": "https://registry.npmjs.org/xml2js/-/xml2js-0.4.23.tgz",
      "integrity": "sha512-ySPiMjM0+pLDftHgXY4By0uswI3SPKLDw/i3UXbnO8M/p28zqexCUoPmQFrYD+/1BzhGJSs2i1ERWKJAtiLrug==",
      "requires": {
        "sax": ">=0.6.0",
        "xmlbuilder": "~11.0.0"
      }
    },
    "xmlbuilder": {
      "version": "11.0.1",
      "resolved": "https://registry.npmjs.org/xmlbuilder/-/xmlbuilder-11.0.1.tgz",
      "integrity": "sha512-fDlsI/kFEx7gLvbecc0/ohLG50fugQp8ryHzMTuW9vSa1GJ0XYWKnhsUx7oie3G98+r56aTQIUB4kht42R3JvA=="
    },
    "xtend": {
      "version": "4.0.2",
      "resolved": "https://registry.npmjs.org/xtend/-/xtend-4.0.2.tgz",
      "integrity": "sha512-LKYU1iAXJXUgAXn9URjiu+MWhyUXHsvfp7mcuYm9dSUKK0/CjtrUwFAxD82/mCWbtLsGjFIad0wIsod4zrTAEQ=="
    },
    "yaml": {
      "version": "0.2.3",
      "resolved": "https://registry.npmjs.org/yaml/-/yaml-0.2.3.tgz",
      "integrity": "sha1-tUUOkudu82td0k42YAkeuu7z5cc="
    }
  }
}
